
Microsoft Visual Studio Solution File, Format Version 12.00
# Visual Studio 2013
VisualStudioVersion = 12.0.21005.1
MinimumVisualStudioVersion = 10.0.40219.1
Project("{8BC9CEB8-8B4A-11D0-8D11-00A0C91BC942}") = "LearnSTL", "LearnSTL\LearnSTL.vcxproj", "{E49F8F04-38DD-41E8-B13F-AB85FEE2E6D4}"
EndProject
Project("{8BC9CEB8-8B4A-11D0-8D11-00A0C91BC942}") = "MyString", "MyString\MyString.vcxproj", "{E3796FD6-091A-4A41-AADE-D27B88017E0E}"
EndProject
Project("{8BC9CEB8-8B4A-11D0-8D11-00A0C91BC942}") = "MyVector", "MyVector\MyVector.vcxproj", "{EFD827C1-EFAE-4D1D-8857-905FEE756156}"
EndProject
Project("{8BC9CEB8-8B4A-11D0-8D11-00A0C91BC942}") = "MyList", "MyList\MyList.vcxproj", "{068379FB-6927-405B-9E86-139948F1F49A}"
EndProject
Global
	GlobalSection(SolutionConfigurationPlatforms) = preSolution
		Debug|Win32 = Debug|Win32
		Release|Win32 = Release|Win32
	EndGlobalSection
	GlobalSection(ProjectConfigurationPlatforms) = postSolution
		{E49F8F04-38DD-41E8-B13F-AB85FEE2E6D4}.Debug|Win32.ActiveCfg = Debug|Win32
		{E49F8F04-38DD-41E8-B13F-AB85FEE2E6D4}.Debug|Win32.Build.0 = Debug|Win32
		{E49F8F04-38DD-41E8-B13F-AB85FEE2E6D4}.Release|Win32.ActiveCfg = Release|Win32
		{E49F8F04-38DD-41E8-B13F-AB85FEE2E6D4}.Release|Win32.Build.0 = Release|Win32
		{E3796FD6-091A-4A41-AADE-D27B88017E0E}.Debug|Win32.ActiveCfg = Debug|Win32
		{E3796FD6-091A-4A41-AADE-D27B88017E0E}.Debug|Win32.Build.0 = Debug|Win32
		{E3796FD6-091A-4A41-AADE-D27B88017E0E}.Release|Win32.ActiveCfg = Release|Win32
		{E3796FD6-091A-4A41-AADE-D27B88017E0E}.Release|Win32.Build.0 = Release|Win32
		{EFD827C1-EFAE-4D1D-8857-905FEE756156}.Debug|Win32.ActiveCfg = Debug|Win32
		{EFD827C1-EFAE-4D1D-8857-905FEE756156}.Debug|Win32.Build.0 = Debug|Win32
		{EFD827C1-EFAE-4D1D-8857-905FEE756156}.Release|Win32.ActiveCfg = Release|Win32
		{EFD827C1-EFAE-4D1D-8857-905FEE756156}.Release|Win32.Build.0 = Release|Win32
		{068379FB-6927-405B-9E86-139948F1F49A}.Debug|Win32.ActiveCfg = Debug|Win32
		{068379FB-6927-405B-9E86-139948F1F49A}.Debug|Win32.Build.0 = Debug|Win32
		{068379FB-6927-405B-9E86-139948F1F49A}.Release|Win32.ActiveCfg = Release|Win32
		{068379FB-6927-405B-9E86-139948F1F49A}.Release|Win32.Build.0 = Release|Win32
	EndGlobalSection
	GlobalSection(SolutionProperties) = preSolution
		HideSolutionNode = FALSE
	EndGlobalSection
EndGlobal
